
Microsoft Visual Studio Solution File, Format Version 12.00
# Visual Studio Version 16
VisualStudioVersion = 16.0.31005.135
MinimumVisualStudioVersion = 10.0.40219.1
Project("{9A19103F-16F7-4668-BE54-9A1E7A4F7556}") = "SparkTest.API", "SparkTest.API\SparkTest.API.csproj", "{D8552002-166D-40FE-A3C3-70BE6D63196C}"
EndProject
Project("{9A19103F-16F7-4668-BE54-9A1E7A4F7556}") = "SparkTest.Console", "SparkTest.Console\SparkTest.Console.csproj", "{A887D902-5136-40F0-9E43-A8884F6F511C}"
EndProject
Project("{9A19103F-16F7-4668-BE54-9A1E7A4F7556}") = "SparkTest.Services", "SparkTest.Services\SparkTest.Services.csproj", "{F726C678-714B-4435-AF88-B363579CE083}"
EndProject
Project("{9A19103F-16F7-4668-BE54-9A1E7A4F7556}") = "SparkTest.DAL", "SparkTest.DAL\SparkTest.DAL.csproj", "{B9E2D4E9-9695-4657-90AC-FBA3615EBE73}"
EndProject
Project("{FAE04EC0-301F-11D3-BF4B-00C04F79EFBC}") = "SparkTest.MessageBroker", "SparkTest.MessageBroker\SparkTest.MessageBroker.csproj", "{C08E5C6D-874F-4AD2-9070-1ECAE7C5FC0B}"
EndProject
Global
	GlobalSection(SolutionConfigurationPlatforms) = preSolution
		Debug|Any CPU = Debug|Any CPU
		Release|Any CPU = Release|Any CPU
	EndGlobalSection
	GlobalSection(ProjectConfigurationPlatforms) = postSolution
		{D8552002-166D-40FE-A3C3-70BE6D63196C}.Debug|Any CPU.ActiveCfg = Debug|Any CPU
		{D8552002-166D-40FE-A3C3-70BE6D63196C}.Debug|Any CPU.Build.0 = Debug|Any CPU
		{D8552002-166D-40FE-A3C3-70BE6D63196C}.Release|Any CPU.ActiveCfg = Release|Any CPU
		{D8552002-166D-40FE-A3C3-70BE6D63196C}.Release|Any CPU.Build.0 = Release|Any CPU
		{A887D902-5136-40F0-9E43-A8884F6F511C}.Debug|Any CPU.ActiveCfg = Debug|Any CPU
		{A887D902-5136-40F0-9E43-A8884F6F511C}.Debug|Any CPU.Build.0 = Debug|Any CPU
		{A887D902-5136-40F0-9E43-A8884F6F511C}.Release|Any CPU.ActiveCfg = Release|Any CPU
		{A887D902-5136-40F0-9E43-A8884F6F511C}.Release|Any CPU.Build.0 = Release|Any CPU
		{F726C678-714B-4435-AF88-B363579CE083}.Debug|Any CPU.ActiveCfg = Debug|Any CPU
		{F726C678-714B-4435-AF88-B363579CE083}.Debug|Any CPU.Build.0 = Debug|Any CPU
		{F726C678-714B-4435-AF88-B363579CE083}.Release|Any CPU.ActiveCfg = Release|Any CPU
		{F726C678-714B-4435-AF88-B363579CE083}.Release|Any CPU.Build.0 = Release|Any CPU
		{B9E2D4E9-9695-4657-90AC-FBA3615EBE73}.Debug|Any CPU.ActiveCfg = Debug|Any CPU
		{B9E2D4E9-9695-4657-90AC-FBA3615EBE73}.Debug|Any CPU.Build.0 = Debug|Any CPU
		{B9E2D4E9-9695-4657-90AC-FBA3615EBE73}.Release|Any CPU.ActiveCfg = Release|Any CPU
		{B9E2D4E9-9695-4657-90AC-FBA3615EBE73}.Release|Any CPU.Build.0 = Release|Any CPU
		{C08E5C6D-874F-4AD2-9070-1ECAE7C5FC0B}.Debug|Any CPU.ActiveCfg = Debug|Any CPU
		{C08E5C6D-874F-4AD2-9070-1ECAE7C5FC0B}.Debug|Any CPU.Build.0 = Debug|Any CPU
		{C08E5C6D-874F-4AD2-9070-1ECAE7C5FC0B}.Release|Any CPU.ActiveCfg = Release|Any CPU
		{C08E5C6D-874F-4AD2-9070-1ECAE7C5FC0B}.Release|Any CPU.Build.0 = Release|Any CPU
	EndGlobalSection
	GlobalSection(SolutionProperties) = preSolution
		HideSolutionNode = FALSE
	EndGlobalSection
	GlobalSection(ExtensibilityGlobals) = postSolution
		SolutionGuid = {D3D7BEB7-BFAB-4339-A684-7FD9F55F107A}
	EndGlobalSection
EndGlobal
